
Microsoft Visual Studio Solution File, Format Version 12.00
# Visual Studio Version 16
VisualStudioVersion = 16.0.31019.35
MinimumVisualStudioVersion = 10.0.40219.1
Project("{FAE04EC0-301F-11D3-BF4B-00C04F79EFBC}") = "Dominator_of_steam", "Dominator_of_steam\Dominator_of_steam.csproj", "{23512A31-1D05-4A58-BED7-2B1FADF5C9C3}"
EndProject
Global
	GlobalSection(SolutionConfigurationPlatforms) = preSolution
		Debug|Any CPU = Debug|Any CPU
		Release|Any CPU = Release|Any CPU
	EndGlobalSection
	GlobalSection(ProjectConfigurationPlatforms) = postSolution
		{23512A31-1D05-4A58-BED7-2B1FADF5C9C3}.Debug|Any CPU.ActiveCfg = Debug|Any CPU
		{23512A31-1D05-4A58-BED7-2B1FADF5C9C3}.Debug|Any CPU.Build.0 = Debug|Any CPU
		{23512A31-1D05-4A58-BED7-2B1FADF5C9C3}.Release|Any CPU.ActiveCfg = Release|Any CPU
		{23512A31-1D05-4A58-BED7-2B1FADF5C9C3}.Release|Any CPU.Build.0 = Release|Any CPU
	EndGlobalSection
	GlobalSection(SolutionProperties) = preSolution
		HideSolutionNode = FALSE
	EndGlobalSection
	GlobalSection(ExtensibilityGlobals) = postSolution
		SolutionGuid = {FC790AB0-2356-4BDA-8A5A-3E6146BAA825}
	EndGlobalSection
EndGlobal
